
Microsoft Visual Studio Solution File, Format Version 12.00
# Visual Studio Version 17
VisualStudioVersion = 17.14.37203.1 d17.14
MinimumVisualStudioVersion = 10.0.40219.1
Project("{FAE04EC0-301F-11D3-BF4B-00C04F79EFBC}") = "AecApiTest", "AecApiTest\AecApiTest.csproj", "{BEC36847-E33A-44A9-AE7A-F88BE7F1D83B}"
EndProject
Global
	GlobalSection(SolutionConfigurationPlatforms) = preSolution
		Debug|Any CPU = Debug|Any CPU
		Release|Any CPU = Release|Any CPU
	EndGlobalSection
	GlobalSection(ProjectConfigurationPlatforms) = postSolution
		{BEC36847-E33A-44A9-AE7A-F88BE7F1D83B}.Debug|Any CPU.ActiveCfg = Debug|Any CPU
		{BEC36847-E33A-44A9-AE7A-F88BE7F1D83B}.Debug|Any CPU.Build.0 = Debug|Any CPU
		{BEC36847-E33A-44A9-AE7A-F88BE7F1D83B}.Release|Any CPU.ActiveCfg = Release|Any CPU
		{BEC36847-E33A-44A9-AE7A-F88BE7F1D83B}.Release|Any CPU.Build.0 = Release|Any CPU
	EndGlobalSection
	GlobalSection(SolutionProperties) = preSolution
		HideSolutionNode = FALSE
	EndGlobalSection
	GlobalSection(ExtensibilityGlobals) = postSolution
		SolutionGuid = {A664C1B1-EB89-43C7-A823-5F477D168CB5}
	EndGlobalSection
EndGlobal
